// !$*UTF8*$!
{
	archiveVersion = 1;
	classes = {
	};
	objectVersion = 46;
	objects = {

/* Begin PBXBuildFile section */
		C5A9441B1C1710E6005F5535 /* AppDelegate.swift in Sources */ = {isa = PBXBuildFile; fileRef = C5A9441A1C1710E6005F5535 /* AppDelegate.swift */; };
		C5A9441D1C1710E6005F5535 /* Assets.xcassets in Resources */ = {isa = PBXBuildFile; fileRef = C5A9441C1C1710E6005F5535 /* Assets.xcassets */; };
		C5A944201C1710E6005F5535 /* LaunchScreen.storyboard in Resources */ = {isa = PBXBuildFile; fileRef = C5A9441E1C1710E6005F5535 /* LaunchScreen.storyboard */; };
		C5A944281C1710FD005F5535 /* ViewController.swift in Sources */ = {isa = PBXBuildFile; fileRef = C5A944271C1710FD005F5535 /* ViewController.swift */; };
		C5A9442A1C171177005F5535 /* INSImageView.swift in Sources */ = {isa = PBXBuildFile; fileRef = C5A944291C171177005F5535 /* INSImageView.swift */; };
/* End PBXBuildFile section */

/* Begin PBXFileReference section */
		C5A944171C1710E6005F5535 /* INSImageViewExample.app */ = {isa = PBXFileReference; explicitFileType = wrapper.application; includeInIndex = 0; path = INSImageViewExample.app; sourceTree = BUILT_PRODUCTS_DIR; };
		C5A9441A1C1710E6005F5535 /* AppDelegate.swift */ = {isa = PBXFileReference; lastKnownFileType = sourcecode.swift; path = AppDelegate.swift; sourceTree = "<group>"; };
		C5A9441C1C1710E6005F5535 /* Assets.xcassets */ = {isa = PBXFileReference; lastKnownFileType = folder.assetcatalog; path = Assets.xcassets; sourceTree = "<group>"; };
		C5A9441F1C1710E6005F5535 /* Base */ = {isa = PBXFileReference; lastKnownFileType = file.storyboard; name = Base; path = Base.lproj/LaunchScreen.storyboard; sourceTree = "<group>"; };
		C5A944211C1710E6005F5535 /* Info.plist */ = {isa = PBXFileReference; lastKnownFileType = text.plist.xml; path = Info.plist; sourceTree = "<group>"; };
		C5A944271C1710FD005F5535 /* ViewController.swift */ = {isa = PBXFileReference; fileEncoding = 4; lastKnownFileType = sourcecode.swift; path = ViewController.swift; sourceTree = "<group>"; };
		C5A944291C171177005F5535 /* INSImageView.swift */ = {isa = PBXFileReference; fileEncoding = 4; lastKnownFileType = sourcecode.swift; name = INSImageView.swift; path = ../../../Pod/INSImageView.swift; sourceTree = "<group>"; };
/* End PBXFileReference section */

/* Begin PBXFrameworksBuildPhase section */
		C5A944141C1710E6005F5535 /* Frameworks */ = {
			isa = PBXFrameworksBuildPhase;
			buildActionMask = 2147483647;
			files = (
			);
			runOnlyForDeploymentPostprocessing = 0;
		};
/* End PBXFrameworksBuildPhase section */

/* Begin PBXGroup section */
		C5A9440E1C1710E6005F5535 = {
			isa = PBXGroup;
			children = (
				C5A944191C1710E6005F5535 /* INSImageViewExample */,
				C5A944181C1710E6005F5535 /* Products */,
			);
			sourceTree = "<group>";
		};
		C5A944181C1710E6005F5535 /* Products */ = {
			isa = PBXGroup;
			children = (
				C5A944171C1710E6005F5535 /* INSImageViewExample.app */,
			);
			name = Products;
			sourceTree = "<group>";
		};
		C5A944191C1710E6005F5535 /* INSImageViewExample */ = {
			isa = PBXGroup;
			children = (
				C5A9441A1C1710E6005F5535 /* AppDelegate.swift */,
				C5A944271C1710FD005F5535 /* ViewController.swift */,
				C5A944291C171177005F5535 /* INSImageView.swift */,
				C5A9441C1C1710E6005F5535 /* Assets.xcassets */,
				C5A9441E1C1710E6005F5535 /* LaunchScreen.storyboard */,
				C5A944211C1710E6005F5535 /* Info.plist */,
			);
			path = INSImageViewExample;
			sourceTree = "<group>";
		};
/* End PBXGroup section */

/* Begin PBXNativeTarget section */
		C5A944161C1710E6005F5535 /* INSImageViewExample */ = {
			isa = PBXNativeTarget;
			buildConfigurationList = C5A944241C1710E6005F5535 /* Build configuration list for PBXNativeTarget "INSImageViewExample" */;
			buildPhases = (
				C5A944131C1710E6005F5535 /* Sources */,
				C5A944141C1710E6005F5535 /* Frameworks */,
				C5A944151C1710E6005F5535 /* Resources */,
			);
			buildRules = (
			);
			dependencies = (
			);
			name = INSImageViewExample;
			productName = INSImageViewExample;
			productReference = C5A944171C1710E6005F5535 /* INSImageViewExample.app */;
			productType = "com.apple.product-type.application";
		};
/* End PBXNativeTarget section */

/* Begin PBXProject section */
		C5A9440F1C1710E6005F5535 /* Project object */ = {
			isa = PBXProject;
			attributes = {
				LastSwiftUpdateCheck = 0710;
				LastUpgradeCheck = 0710;
				ORGANIZATIONNAME = instil;
				TargetAttributes = {
					C5A944161C1710E6005F5535 = {
						CreatedOnToolsVersion = 7.1.1;
					};
				};
			};
			buildConfigurationList = C5A944121C1710E6005F5535 /* Build configuration list for PBXProject "INSImageViewExample" */;
			compatibilityVersion = "Xcode 3.2";
			developmentRegion = English;
			hasScannedForEncodings = 0;
			knownRegions = (
				en,
				Base,
			);
			mainGroup = C5A9440E1C1710E6005F5535;
			productRefGroup = C5A944181C1710E6005F5535 /* Products */;
			projectDirPath = "";
			projectRoot = "";
			targets = (
				C5A944161C1710E6005F5535 /* INSImageViewExample */,
			);
		};
/* End PBXProject section */

/* Begin PBXResourcesBuildPhase section */
		C5A944151C1710E6005F5535 /* Resources */ = {
			isa = PBXResourcesBuildPhase;
			buildActionMask = 2147483647;
			files = (
				C5A9441D1C1710E6005F5535 /* Assets.xcassets in Resources */,
				C5A944201C1710E6005F5535 /* LaunchScreen.storyboard in Resources */,
			);
			runOnlyForDeploymentPostprocessing = 0;
		};
/* End PBXResourcesBuildPhase section */

/* Begin PBXSourcesBuildPhase section */
		C5A944131C1710E6005F5535 /* Sources */ = {
			isa = PBXSourcesBuildPhase;
			buildActionMask = 2147483647;
			files = (
				C5A944281C1710FD005F5535 /* ViewController.swift in Sources */,
				C5A9442A1C171177005F5535 /* INSImageView.swift in Sources */,
				C5A9441B1C1710E6005F5535 /* AppDelegate.swift in Sources */,
			);
			runOnlyForDeploymentPostprocessing = 0;
		};
/* End PBXSourcesBuildPhase section */

/* Begin PBXVariantGroup section */
		C5A9441E1C1710E6005F5535 /* LaunchScreen.storyboard */ = {
			isa = PBXVariantGroup;
			children = (
				C5A9441F1C1710E6005F5535 /* Base */,
			);
			name = LaunchScreen.storyboard;
			sourceTree = "<group>";
		};
/* End PBXVariantGroup section */

/* Begin XCBuildConfiguration section */
		C5A944221C1710E6005F5535 /* Debug */ = {
			isa = XCBuildConfiguration;
			buildSettings = {
				ALWAYS_SEARCH_USER_PATHS = NO;
				CLANG_CXX_LANGUAGE_STANDARD = "gnu++0x";
				CLANG_CXX_LIBRARY = "libc++";
				CLANG_ENABLE_MODULES = YES;
				CLANG_ENABLE_OBJC_ARC = YES;
				CLANG_WARN_BOOL_CONVERSION = YES;
				CLANG_WARN_CONSTANT_CONVERSION = YES;
				CLANG_WARN_DIRECT_OBJC_ISA_USAGE = YES_ERROR;
				CLANG_WARN_EMPTY_BODY = YES;
				CLANG_WARN_ENUM_CONVERSION = YES;
				CLANG_WARN_INT_CONVERSION = YES;
				CLANG_WARN_OBJC_ROOT_CLASS = YES_ERROR;
				CLANG_WARN_UNREACHABLE_CODE = YES;
				CLANG_WARN__DUPLICATE_METHOD_MATCH = YES;
				"CODE_SIGN_IDENTITY[sdk=iphoneos*]" = "iPhone Developer";
				COPY_PHASE_STRIP = NO;
				DEBUG_INFORMATION_FORMAT = dwarf;
				ENABLE_STRICT_OBJC_MSGSEND = YES;
				ENABLE_TESTABILITY = YES;
				GCC_C_LANGUAGE_STANDARD = gnu99;
				GCC_DYNAMIC_NO_PIC = NO;
				GCC_NO_COMMON_BLOCKS = YES;
				GCC_OPTIMIZATION_LEVEL = 0;
				GCC_PREPROCESSOR_DEFINITIONS = (
					"DEBUG=1",
					"$(inherited)",
				);
				GCC_WARN_64_TO_32_BIT_CONVERSION = YES;
				GCC_WARN_ABOUT_RETURN_TYPE = YES_ERROR;
				GCC_WARN_UNDECLARED_SELECTOR = YES;
				GCC_WARN_UNINITIALIZED_AUTOS = YES_AGGRESSIVE;
				GCC_WARN_UNUSED_FUNCTION = YES;
				GCC_WARN_UNUSED_VARIABLE = YES;
				IPHONEOS_DEPLOYMENT_TARGET = 9.1;
				MTL_ENABLE_DEBUG_INFO = YES;
				ONLY_ACTIVE_ARCH = YES;
				SDKROOT = iphoneos;
				SWIFT_OPTIMIZATION_LEVEL = "-Onone";
				TARGETED_DEVICE_FAMILY = "1,2";
			};
			name = Debug;
		};
		C5A944231C1710E6005F5535 /* Release */ = {
			isa = XCBuildConfiguration;
			buildSettings = {
				ALWAYS_SEARCH_USER_PATHS = NO;
				CLANG_CXX_LANGUAGE_STANDARD = "gnu++0x";
				CLANG_CXX_LIBRARY = "libc++";
				CLANG_ENABLE_MODULES = YES;
				CLANG_ENABLE_OBJC_ARC = YES;
				CLANG_WARN_BOOL_CONVERSION = YES;
				CLANG_WARN_CONSTANT_CONVERSION = YES;
				CLANG_WARN_DIRECT_OBJC_ISA_USAGE = YES_ERROR;
				CLANG_WARN_EMPTY_BODY = YES;
				CLANG_WARN_ENUM_CONVERSION = YES;
				CLANG_WARN_INT_CONVERSION = YES;
				CLANG_WARN_OBJC_ROOT_CLASS = YES_ERROR;
				CLANG_WARN_UNREACHABLE_CODE = YES;
				CLANG_WARN__DUPLICATE_METHOD_MATCH = YES;
				"CODE_SIGN_IDENTITY[sdk=iphoneos*]" = "iPhone Developer";
				COPY_PHASE_STRIP = NO;
				DEBUG_INFORMATION_FORMAT = "dwarf-with-dsym";
				ENABLE_NS_ASSERTIONS = NO;
				ENABLE_STRICT_OBJC_MSGSEND = YES;
				GCC_C_LANGUAGE_STANDARD = gnu99;
				GCC_NO_COMMON_BLOCKS = YES;
				GCC_WARN_64_TO_32_BIT_CONVERSION = YES;
				GCC_WARN_ABOUT_RETURN_TYPE = YES_ERROR;
				GCC_WARN_UNDECLARED_SELECTOR = YES;
				GCC_WARN_UNINITIALIZED_AUTOS = YES_AGGRESSIVE;
				GCC_WARN_UNUSED_FUNCTION = YES;
				GCC_WARN_UNUSED_VARIABLE = YES;
				IPHONEOS_DEPLOYMENT_TARGET = 9.1;
				MTL_ENABLE_DEBUG_INFO = NO;
				SDKROOT = iphoneos;
				TARGETED_DEVICE_FAMILY = "1,2";
				VALIDATE_PRODUCT = YES;
			};
			name = Release;
		};
		C5A944251C1710E6005F5535 /* Debug */ = {
			isa = XCBuildConfiguration;
			buildSettings = {
				ASSETCATALOG_COMPILER_APPICON_NAME = AppIcon;
				INFOPLIST_FILE = INSImageViewExample/Info.plist;
				LD_RUNPATH_SEARCH_PATHS = "$(inherited) @executable_path/Frameworks";
				PRODUCT_BUNDLE_IDENTIFIER = com.instil.INSImageViewExample;
				PRODUCT_NAME = "$(TARGET_NAME)";
			};
			name = Debug;
		};
		C5A944261C1710E6005F5535 /* Release */ = {
			isa = XCBuildConfiguration;
			buildSettings = {
				ASSETCATALOG_COMPILER_APPICON_NAME = AppIcon;
				INFOPLIST_FILE = INSImageViewExample/Info.plist;
				LD_RUNPATH_SEARCH_PATHS = "$(inherited) @executable_path/Frameworks";
				PRODUCT_BUNDLE_IDENTIFIER = com.instil.INSImageViewExample;
				PRODUCT_NAME = "$(TARGET_NAME)";
			};
			name = Release;
		};
/* End XCBuildConfiguration section */

/* Begin XCConfigurationList section */
		C5A944121C1710E6005F5535 /* Build configuration list for PBXProject "INSImageViewExample" */ = {
			isa = XCConfigurationList;
			buildConfigurations = (
				C5A944221C1710E6005F5535 /* Debug */,
				C5A944231C1710E6005F5535 /* Release */,
			);
			defaultConfigurationIsVisible = 0;
			defaultConfigurationName = Release;
		};
		C5A944241C1710E6005F5535 /* Build configuration list for PBXNativeTarget "INSImageViewExample" */ = {
			isa = XCConfigurationList;
			buildConfigurations = (
				C5A944251C1710E6005F5535 /* Debug */,
				C5A944261C1710E6005F5535 /* Release */,
			);
			defaultConfigurationIsVisible = 0;
		};
/* End XCConfigurationList section */
	};
	rootObject = C5A9440F1C1710E6005F5535 /* Project object */;
}
